
Microsoft Visual Studio Solution File, Format Version 12.00
# Visual Studio Version 16
VisualStudioVersion = 16.0.31321.278
MinimumVisualStudioVersion = 10.0.40219.1
Project("{FAE04EC0-301F-11D3-BF4B-00C04F79EFBC}") = "WebApplication22", "WebApplication22\WebApplication22.csproj", "{C37ACE91-8DF6-4170-AD0C-F3DE8F061CA2}"
EndProject
Global
	GlobalSection(SolutionConfigurationPlatforms) = preSolution
		Debug|Any CPU = Debug|Any CPU
		Release|Any CPU = Release|Any CPU
	EndGlobalSection
	GlobalSection(ProjectConfigurationPlatforms) = postSolution
		{C37ACE91-8DF6-4170-AD0C-F3DE8F061CA2}.Debug|Any CPU.ActiveCfg = Debug|Any CPU
		{C37ACE91-8DF6-4170-AD0C-F3DE8F061CA2}.Debug|Any CPU.Build.0 = Debug|Any CPU
		{C37ACE91-8DF6-4170-AD0C-F3DE8F061CA2}.Release|Any CPU.ActiveCfg = Release|Any CPU
		{C37ACE91-8DF6-4170-AD0C-F3DE8F061CA2}.Release|Any CPU.Build.0 = Release|Any CPU
	EndGlobalSection
	GlobalSection(SolutionProperties) = preSolution
		HideSolutionNode = FALSE
	EndGlobalSection
	GlobalSection(ExtensibilityGlobals) = postSolution
		SolutionGuid = {FA612E75-90E6-4FAF-8F53-4E000738C459}
	EndGlobalSection
EndGlobal
